{
  "nodes": {
    "hilaolu-nur-packages": {
      "inputs": {
        "nixpkgs": "nixpkgs"
      },
      "locked": {
        "lastModified": 1696928461,
        "narHash": "sha256-8Hffk0BKhhAJMR9wY+lVd3Ril+mrdkLA3+m0HJaBXzk=",
        "owner": "hilaolu",
        "repo": "nur-packages",
        "rev": "4f701070ddccbf4f52fc50f9fb1a7ee33a6be0ab",
        "type": "github"
      },
      "original": {
        "owner": "hilaolu",
        "ref": "master",
        "repo": "nur-packages",
        "type": "github"
      }
    },
    "nixpkgs": {
      "locked": {
        "lastModified": 1696604326,
        "narHash": "sha256-YXUNI0kLEcI5g8lqGMb0nh67fY9f2YoJsILafh6zlMo=",
        "owner": "NixOS",
        "repo": "nixpkgs",
        "rev": "87828a0e03d1418e848d3dd3f3014a632e4a4f64",
        "type": "github"
      },
      "original": {
        "owner": "NixOS",
        "ref": "nixos-unstable",
        "repo": "nixpkgs",
        "type": "github"
      }
    },
    "nixpkgs_2": {
      "locked": {
        "lastModified": 1696879762,
        "narHash": "sha256-Ud6bH4DMcYHUDKavNMxAhcIpDGgHMyL/yaDEAVSImQY=",
        "owner": "NixOS",
        "repo": "nixpkgs",
        "rev": "f99e5f03cc0aa231ab5950a15ed02afec45ed51a",
        "type": "github"
      },
      "original": {
        "owner": "NixOS",
        "ref": "nixos-unstable",
        "repo": "nixpkgs",
        "type": "github"
      }
    },
    "root": {
      "inputs": {
        "hilaolu-nur-packages": "hilaolu-nur-packages",
        "nixpkgs": "nixpkgs_2"
      }
    }
  },
  "root": "root",
  "version": 7
}
